// !$*UTF8*$!
{
	archiveVersion = 1;
	classes = {
	};
	objectVersion = 46;
	objects = {

/* Begin PBXBuildFile section */
		DF16E2C31DF0B329008121CE /* AppDelegate.swift in Sources */ = {isa = PBXBuildFile; fileRef = DF16E2C21DF0B329008121CE /* AppDelegate.swift */; };
		DF16E2C51DF0B329008121CE /* ViewController.swift in Sources */ = {isa = PBXBuildFile; fileRef = DF16E2C41DF0B329008121CE /* ViewController.swift */; };
		DF16E2C81DF0B329008121CE /* Main.storyboard in Resources */ = {isa = PBXBuildFile; fileRef = DF16E2C61DF0B329008121CE /* Main.storyboard */; };
		DF16E2CA1DF0B329008121CE /* Assets.xcassets in Resources */ = {isa = PBXBuildFile; fileRef = DF16E2C91DF0B329008121CE /* Assets.xcassets */; };
		DF16E2CD1DF0B329008121CE /* LaunchScreen.storyboard in Resources */ = {isa = PBXBuildFile; fileRef = DF16E2CB1DF0B329008121CE /* LaunchScreen.storyboard */; };
/* End PBXBuildFile section */

/* Begin PBXFileReference section */
		DF16E2BF1DF0B329008121CE /* PaperBoy.app */ = {isa = PBXFileReference; explicitFileType = wrapper.application; includeInIndex = 0; path = PaperBoy.app; sourceTree = BUILT_PRODUCTS_DIR; };
		DF16E2C21DF0B329008121CE /* AppDelegate.swift */ = {isa = PBXFileReference; lastKnownFileType = sourcecode.swift; path = AppDelegate.swift; sourceTree = "<group>"; };
		DF16E2C41DF0B329008121CE /* ViewController.swift */ = {isa = PBXFileReference; lastKnownFileType = sourcecode.swift; path = ViewController.swift; sourceTree = "<group>"; };
		DF16E2C71DF0B329008121CE /* Base */ = {isa = PBXFileReference; lastKnownFileType = file.storyboard; name = Base; path = Base.lproj/Main.storyboard; sourceTree = "<group>"; };
		DF16E2C91DF0B329008121CE /* Assets.xcassets */ = {isa = PBXFileReference; lastKnownFileType = folder.assetcatalog; path = Assets.xcassets; sourceTree = "<group>"; };
		DF16E2CC1DF0B329008121CE /* Base */ = {isa = PBXFileReference; lastKnownFileType = file.storyboard; name = Base; path = Base.lproj/LaunchScreen.storyboard; sourceTree = "<group>"; };
		DF16E2CE1DF0B329008121CE /* Info.plist */ = {isa = PBXFileReference; lastKnownFileType = text.plist.xml; path = Info.plist; sourceTree = "<group>"; };
/* End PBXFileReference section */

/* Begin PBXFrameworksBuildPhase section */
		DF16E2BC1DF0B329008121CE /* Frameworks */ = {
			isa = PBXFrameworksBuildPhase;
			buildActionMask = 2147483647;
			files = (
			);
			runOnlyForDeploymentPostprocessing = 0;
		};
/* End PBXFrameworksBuildPhase section */

/* Begin PBXGroup section */
		DF16E2B61DF0B329008121CE = {
			isa = PBXGroup;
			children = (
				DF16E2C11DF0B329008121CE /* PaperBoy */,
				DF16E2C01DF0B329008121CE /* Products */,
			);
			sourceTree = "<group>";
		};
		DF16E2C01DF0B329008121CE /* Products */ = {
			isa = PBXGroup;
			children = (
				DF16E2BF1DF0B329008121CE /* PaperBoy.app */,
			);
			name = Products;
			sourceTree = "<group>";
		};
		DF16E2C11DF0B329008121CE /* PaperBoy */ = {
			isa = PBXGroup;
			children = (
				DF16E2C21DF0B329008121CE /* AppDelegate.swift */,
				DF16E2C41DF0B329008121CE /* ViewController.swift */,
				DF16E2C61DF0B329008121CE /* Main.storyboard */,
				DF16E2C91DF0B329008121CE /* Assets.xcassets */,
				DF16E2CB1DF0B329008121CE /* LaunchScreen.storyboard */,
				DF16E2CE1DF0B329008121CE /* Info.plist */,
			);
			path = PaperBoy;
			sourceTree = "<group>";
		};
/* End PBXGroup section */

/* Begin PBXNativeTarget section */
		DF16E2BE1DF0B329008121CE /* PaperBoy */ = {
			isa = PBXNativeTarget;
			buildConfigurationList = DF16E2D11DF0B329008121CE /* Build configuration list for PBXNativeTarget "PaperBoy" */;
			buildPhases = (
				DF16E2BB1DF0B329008121CE /* Sources */,
				DF16E2BC1DF0B329008121CE /* Frameworks */,
				DF16E2BD1DF0B329008121CE /* Resources */,
			);
			buildRules = (
			);
			dependencies = (
			);
			name = PaperBoy;
			productName = PaperBoy;
			productReference = DF16E2BF1DF0B329008121CE /* PaperBoy.app */;
			productType = "com.apple.product-type.application";
		};
/* End PBXNativeTarget section */

/* Begin PBXProject section */
		DF16E2B71DF0B329008121CE /* Project object */ = {
			isa = PBXProject;
			attributes = {
				LastSwiftUpdateCheck = 0810;
				LastUpgradeCheck = 0810;
				ORGANIZATIONNAME = "John Gabriel Breshears";
				TargetAttributes = {
					DF16E2BE1DF0B329008121CE = {
						CreatedOnToolsVersion = 8.1;
						ProvisioningStyle = Automatic;
					};
				};
			};
			buildConfigurationList = DF16E2BA1DF0B329008121CE /* Build configuration list for PBXProject "PaperBoy" */;
			compatibilityVersion = "Xcode 3.2";
			developmentRegion = English;
			hasScannedForEncodings = 0;
			knownRegions = (
				en,
				Base,
			);
			mainGroup = DF16E2B61DF0B329008121CE;
			productRefGroup = DF16E2C01DF0B329008121CE /* Products */;
			projectDirPath = "";
			projectRoot = "";
			targets = (
				DF16E2BE1DF0B329008121CE /* PaperBoy */,
			);
		};
/* End PBXProject section */

/* Begin PBXResourcesBuildPhase section */
		DF16E2BD1DF0B329008121CE /* Resources */ = {
			isa = PBXResourcesBuildPhase;
			buildActionMask = 2147483647;
			files = (
				DF16E2CD1DF0B329008121CE /* LaunchScreen.storyboard in Resources */,
				DF16E2CA1DF0B329008121CE /* Assets.xcassets in Resources */,
				DF16E2C81DF0B329008121CE /* Main.storyboard in Resources */,
			);
			runOnlyForDeploymentPostprocessing = 0;
		};
/* End PBXResourcesBuildPhase section */

/* Begin PBXSourcesBuildPhase section */
		DF16E2BB1DF0B329008121CE /* Sources */ = {
			isa = PBXSourcesBuildPhase;
			buildActionMask = 2147483647;
			files = (
				DF16E2C51DF0B329008121CE /* ViewController.swift in Sources */,
				DF16E2C31DF0B329008121CE /* AppDelegate.swift in Sources */,
			);
			runOnlyForDeploymentPostprocessing = 0;
		};
/* End PBXSourcesBuildPhase section */

/* Begin PBXVariantGroup section */
		DF16E2C61DF0B329008121CE /* Main.storyboard */ = {
			isa = PBXVariantGroup;
			children = (
				DF16E2C71DF0B329008121CE /* Base */,
			);
			name = Main.storyboard;
			sourceTree = "<group>";
		};
		DF16E2CB1DF0B329008121CE /* LaunchScreen.storyboard */ = {
			isa = PBXVariantGroup;
			children = (
				DF16E2CC1DF0B329008121CE /* Base */,
			);
			name = LaunchScreen.storyboard;
			sourceTree = "<group>";
		};
/* End PBXVariantGroup section */

/* Begin XCBuildConfiguration section */
		DF16E2CF1DF0B329008121CE /* Debug */ = {
			isa = XCBuildConfiguration;
			buildSettings = {
				ALWAYS_SEARCH_USER_PATHS = NO;
				CLANG_ANALYZER_NONNULL = YES;
				CLANG_CXX_LANGUAGE_STANDARD = "gnu++0x";
				CLANG_CXX_LIBRARY = "libc++";
				CLANG_ENABLE_MODULES = YES;
				CLANG_ENABLE_OBJC_ARC = YES;
				CLANG_WARN_BOOL_CONVERSION = YES;
				CLANG_WARN_CONSTANT_CONVERSION = YES;
				CLANG_WARN_DIRECT_OBJC_ISA_USAGE = YES_ERROR;
				CLANG_WARN_DOCUMENTATION_COMMENTS = YES;
				CLANG_WARN_EMPTY_BODY = YES;
				CLANG_WARN_ENUM_CONVERSION = YES;
				CLANG_WARN_INFINITE_RECURSION = YES;
				CLANG_WARN_INT_CONVERSION = YES;
				CLANG_WARN_OBJC_ROOT_CLASS = YES_ERROR;
				CLANG_WARN_SUSPICIOUS_MOVES = YES;
				CLANG_WARN_UNREACHABLE_CODE = YES;
				CLANG_WARN__DUPLICATE_METHOD_MATCH = YES;
				"CODE_SIGN_IDENTITY[sdk=iphoneos*]" = "iPhone Developer";
				COPY_PHASE_STRIP = NO;
				DEBUG_INFORMATION_FORMAT = dwarf;
				ENABLE_STRICT_OBJC_MSGSEND = YES;
				ENABLE_TESTABILITY = YES;
				GCC_C_LANGUAGE_STANDARD = gnu99;
				GCC_DYNAMIC_NO_PIC = NO;
				GCC_NO_COMMON_BLOCKS = YES;
				GCC_OPTIMIZATION_LEVEL = 0;
				GCC_PREPROCESSOR_DEFINITIONS = (
					"DEBUG=1",
					"$(inherited)",
				);
				GCC_WARN_64_TO_32_BIT_CONVERSION = YES;
				GCC_WARN_ABOUT_RETURN_TYPE = YES_ERROR;
				GCC_WARN_UNDECLARED_SELECTOR = YES;
				GCC_WARN_UNINITIALIZED_AUTOS = YES_AGGRESSIVE;
				GCC_WARN_UNUSED_FUNCTION = YES;
				GCC_WARN_UNUSED_VARIABLE = YES;
				IPHONEOS_DEPLOYMENT_TARGET = 10.1;
				MTL_ENABLE_DEBUG_INFO = YES;
				ONLY_ACTIVE_ARCH = YES;
				SDKROOT = iphoneos;
				SWIFT_ACTIVE_COMPILATION_CONDITIONS = DEBUG;
				SWIFT_OPTIMIZATION_LEVEL = "-Onone";
				TARGETED_DEVICE_FAMILY = "1,2";
			};
			name = Debug;
		};
		DF16E2D01DF0B329008121CE /* Release */ = {
			isa = XCBuildConfiguration;
			buildSettings = {
				ALWAYS_SEARCH_USER_PATHS = NO;
				CLANG_ANALYZER_NONNULL = YES;
				CLANG_CXX_LANGUAGE_STANDARD = "gnu++0x";
				CLANG_CXX_LIBRARY = "libc++";
				CLANG_ENABLE_MODULES = YES;
				CLANG_ENABLE_OBJC_ARC = YES;
				CLANG_WARN_BOOL_CONVERSION = YES;
				CLANG_WARN_CONSTANT_CONVERSION = YES;
				CLANG_WARN_DIRECT_OBJC_ISA_USAGE = YES_ERROR;
				CLANG_WARN_DOCUMENTATION_COMMENTS = YES;
				CLANG_WARN_EMPTY_BODY = YES;
				CLANG_WARN_ENUM_CONVERSION = YES;
				CLANG_WARN_INFINITE_RECURSION = YES;
				CLANG_WARN_INT_CONVERSION = YES;
				CLANG_WARN_OBJC_ROOT_CLASS = YES_ERROR;
				CLANG_WARN_SUSPICIOUS_MOVES = YES;
				CLANG_WARN_UNREACHABLE_CODE = YES;
				CLANG_WARN__DUPLICATE_METHOD_MATCH = YES;
				"CODE_SIGN_IDENTITY[sdk=iphoneos*]" = "iPhone Developer";
				COPY_PHASE_STRIP = NO;
				DEBUG_INFORMATION_FORMAT = "dwarf-with-dsym";
				ENABLE_NS_ASSERTIONS = NO;
				ENABLE_STRICT_OBJC_MSGSEND = YES;
				GCC_C_LANGUAGE_STANDARD = gnu99;
				GCC_NO_COMMON_BLOCKS = YES;
				GCC_WARN_64_TO_32_BIT_CONVERSION = YES;
				GCC_WARN_ABOUT_RETURN_TYPE = YES_ERROR;
				GCC_WARN_UNDECLARED_SELECTOR = YES;
				GCC_WARN_UNINITIALIZED_AUTOS = YES_AGGRESSIVE;
				GCC_WARN_UNUSED_FUNCTION = YES;
				GCC_WARN_UNUSED_VARIABLE = YES;
				IPHONEOS_DEPLOYMENT_TARGET = 10.1;
				MTL_ENABLE_DEBUG_INFO = NO;
				SDKROOT = iphoneos;
				SWIFT_OPTIMIZATION_LEVEL = "-Owholemodule";
				TARGETED_DEVICE_FAMILY = "1,2";
				VALIDATE_PRODUCT = YES;
			};
			name = Release;
		};
		DF16E2D21DF0B329008121CE /* Debug */ = {
			isa = XCBuildConfiguration;
			buildSettings = {
				ASSETCATALOG_COMPILER_APPICON_NAME = AppIcon;
				INFOPLIST_FILE = PaperBoy/Info.plist;
				LD_RUNPATH_SEARCH_PATHS = "$(inherited) @executable_path/Frameworks";
				PRODUCT_BUNDLE_IDENTIFIER = nyc.c4Q.gabrielBreshears.PaperBoy;
				PRODUCT_NAME = "$(TARGET_NAME)";
				SWIFT_VERSION = 3.0;
			};
			name = Debug;
		};
		DF16E2D31DF0B329008121CE /* Release */ = {
			isa = XCBuildConfiguration;
			buildSettings = {
				ASSETCATALOG_COMPILER_APPICON_NAME = AppIcon;
				INFOPLIST_FILE = PaperBoy/Info.plist;
				LD_RUNPATH_SEARCH_PATHS = "$(inherited) @executable_path/Frameworks";
				PRODUCT_BUNDLE_IDENTIFIER = nyc.c4Q.gabrielBreshears.PaperBoy;
				PRODUCT_NAME = "$(TARGET_NAME)";
				SWIFT_VERSION = 3.0;
			};
			name = Release;
		};
/* End XCBuildConfiguration section */

/* Begin XCConfigurationList section */
		DF16E2BA1DF0B329008121CE /* Build configuration list for PBXProject "PaperBoy" */ = {
			isa = XCConfigurationList;
			buildConfigurations = (
				DF16E2CF1DF0B329008121CE /* Debug */,
				DF16E2D01DF0B329008121CE /* Release */,
			);
			defaultConfigurationIsVisible = 0;
			defaultConfigurationName = Release;
		};
		DF16E2D11DF0B329008121CE /* Build configuration list for PBXNativeTarget "PaperBoy" */ = {
			isa = XCConfigurationList;
			buildConfigurations = (
				DF16E2D21DF0B329008121CE /* Debug */,
				DF16E2D31DF0B329008121CE /* Release */,
			);
			defaultConfigurationIsVisible = 0;
		};
/* End XCConfigurationList section */
	};
	rootObject = DF16E2B71DF0B329008121CE /* Project object */;
}
